
Microsoft Visual Studio Solution File, Format Version 12.00
# Visual Studio Version 16
VisualStudioVersion = 16.0.31025.194
MinimumVisualStudioVersion = 10.0.40219.1
Project("{FAE04EC0-301F-11D3-BF4B-00C04F79EFBC}") = "Chapter.7-AdapterPattern", "Chapter.7-AdapterPattern\Chapter.7-AdapterPattern.csproj", "{DD1791C5-FCEC-4CFF-9B5C-AAE2782E622F}"
EndProject
Global
	GlobalSection(SolutionConfigurationPlatforms) = preSolution
		Debug|Any CPU = Debug|Any CPU
		Release|Any CPU = Release|Any CPU
	EndGlobalSection
	GlobalSection(ProjectConfigurationPlatforms) = postSolution
		{DD1791C5-FCEC-4CFF-9B5C-AAE2782E622F}.Debug|Any CPU.ActiveCfg = Debug|Any CPU
		{DD1791C5-FCEC-4CFF-9B5C-AAE2782E622F}.Debug|Any CPU.Build.0 = Debug|Any CPU
		{DD1791C5-FCEC-4CFF-9B5C-AAE2782E622F}.Release|Any CPU.ActiveCfg = Release|Any CPU
		{DD1791C5-FCEC-4CFF-9B5C-AAE2782E622F}.Release|Any CPU.Build.0 = Release|Any CPU
	EndGlobalSection
	GlobalSection(SolutionProperties) = preSolution
		HideSolutionNode = FALSE
	EndGlobalSection
	GlobalSection(ExtensibilityGlobals) = postSolution
		SolutionGuid = {447A7956-C900-4D69-98BC-5E409F9F8A45}
	EndGlobalSection
EndGlobal
